
Microsoft Visual Studio Solution File, Format Version 12.00
# Visual Studio Version 17
VisualStudioVersion = 17.5.33502.453
MinimumVisualStudioVersion = 10.0.40219.1
Project("{FAE04EC0-301F-11D3-BF4B-00C04F79EFBC}") = "kursach", "kursach\kursach.csproj", "{3C336B7C-6D82-4A60-AFC6-B00B2399C43D}"
EndProject
Global
	GlobalSection(SolutionConfigurationPlatforms) = preSolution
		Debug|Any CPU = Debug|Any CPU
		Release|Any CPU = Release|Any CPU
	EndGlobalSection
	GlobalSection(ProjectConfigurationPlatforms) = postSolution
		{3C336B7C-6D82-4A60-AFC6-B00B2399C43D}.Debug|Any CPU.ActiveCfg = Debug|Any CPU
		{3C336B7C-6D82-4A60-AFC6-B00B2399C43D}.Debug|Any CPU.Build.0 = Debug|Any CPU
		{3C336B7C-6D82-4A60-AFC6-B00B2399C43D}.Release|Any CPU.ActiveCfg = Release|Any CPU
		{3C336B7C-6D82-4A60-AFC6-B00B2399C43D}.Release|Any CPU.Build.0 = Release|Any CPU
	EndGlobalSection
	GlobalSection(SolutionProperties) = preSolution
		HideSolutionNode = FALSE
	EndGlobalSection
	GlobalSection(ExtensibilityGlobals) = postSolution
		SolutionGuid = {DC570A15-CA89-4B57-8ECC-D23D8BA0618C}
	EndGlobalSection
EndGlobal
